PODS:
  - WechatOpenSDK-XCFramework (2.0.5)

DEPENDENCIES:
  - WechatOpenSDK-XCFramework (from `Vendor/WechatOpenSDK-XCFramework`)

EXTERNAL SOURCES:
  WechatOpenSDK-XCFramework:
    :path: Vendor/WechatOpenSDK-XCFramework

SPEC CHECKSUMS:
  WechatOpenSDK-XCFramework: 82c6fd287287ef0663ebe3fabec1ef8aa340ac0a

PODFILE CHECKSUM: 831407c7f43fdb6edbc10228bbc0e56dd46f38b2

COCOAPODS: 1.16.2
