PODS:
  - WechatOpenSDK-XCFramework (2.0.5)

DEPENDENCIES:
  - WechatOpenSDK-XCFramework (from `Vendor/WechatOpenSDK-XCFramework`)

EXTERNAL SOURCES:
  WechatOpenSDK-XCFramework:
    :path: Vendor/WechatOpenSDK-XCFramework

SPEC CHECKSUMS:
  WechatOpenSDK-XCFramework: 82c6fd287287ef0663ebe3fabec1ef8aa340ac0a

PODFILE CHECKSUM: 293dbeb21d883ce8164f149cceb27a62dfcf1f91

COCOAPODS: 1.16.2
